
Microsoft Visual Studio Solution File, Format Version 12.00
# Visual Studio 15
VisualStudioVersion = 15.0.28307.572
MinimumVisualStudioVersion = 10.0.40219.1
Project("{9A19103F-16F7-4668-BE54-9A1E7A4F7556}") = "TestMakerFree", "TestMakerFree\TestMakerFree.csproj", "{B3650D29-92EA-4502-B572-3243B6E6AC16}"
EndProject
Global
	GlobalSection(SolutionConfigurationPlatforms) = preSolution
		Debug|Any CPU = Debug|Any CPU
		Release|Any CPU = Release|Any CPU
	EndGlobalSection
	GlobalSection(ProjectConfigurationPlatforms) = postSolution
		{B3650D29-92EA-4502-B572-3243B6E6AC16}.Debug|Any CPU.ActiveCfg = Debug|Any CPU
		{B3650D29-92EA-4502-B572-3243B6E6AC16}.Debug|Any CPU.Build.0 = Debug|Any CPU
		{B3650D29-92EA-4502-B572-3243B6E6AC16}.Release|Any CPU.ActiveCfg = Release|Any CPU
		{B3650D29-92EA-4502-B572-3243B6E6AC16}.Release|Any CPU.Build.0 = Release|Any CPU
	EndGlobalSection
	GlobalSection(SolutionProperties) = preSolution
		HideSolutionNode = FALSE
	EndGlobalSection
	GlobalSection(ExtensibilityGlobals) = postSolution
		SolutionGuid = {41D9813D-B9D0-49FC-A829-34244DD84F26}
		LessCompiler = b3650d29-92ea-4502-b572-3243b6e6ac16
	EndGlobalSection
EndGlobal
